
Microsoft Visual Studio Solution File, Format Version 12.00
# Visual Studio Version 17
VisualStudioVersion = 17.14.36811.4 d17.14
MinimumVisualStudioVersion = 10.0.40219.1
Project("{FAE04EC0-301F-11D3-BF4B-00C04F79EFBC}") = "QLCHTH_65133373", "QLCHTH_65133373.csproj", "{42A73D5D-FA47-406F-AB60-EE5EE0B2954A}"
EndProject
Global
	GlobalSection(SolutionConfigurationPlatforms) = preSolution
		Debug|Any CPU = Debug|Any CPU
		Release|Any CPU = Release|Any CPU
	EndGlobalSection
	GlobalSection(ProjectConfigurationPlatforms) = postSolution
		{42A73D5D-FA47-406F-AB60-EE5EE0B2954A}.Debug|Any CPU.ActiveCfg = Debug|Any CPU
		{42A73D5D-FA47-406F-AB60-EE5EE0B2954A}.Debug|Any CPU.Build.0 = Debug|Any CPU
		{42A73D5D-FA47-406F-AB60-EE5EE0B2954A}.Release|Any CPU.ActiveCfg = Release|Any CPU
		{42A73D5D-FA47-406F-AB60-EE5EE0B2954A}.Release|Any CPU.Build.0 = Release|Any CPU
	EndGlobalSection
	GlobalSection(SolutionProperties) = preSolution
		HideSolutionNode = FALSE
	EndGlobalSection
	GlobalSection(ExtensibilityGlobals) = postSolution
		SolutionGuid = {AFCA119D-4F14-4658-AFC9-39981587CADE}
	EndGlobalSection
EndGlobal
